EDK2_REPOSITORY=https://github.com/tianocore/edk2.git
EDK2_COMMIT=ca8de19382c668cf8770ee788478edcd8a22d0e7
EDK2_BROTLI_COMMIT=e230f474b87134e8c6c85b630084c612057f253e
EDK2_MIPISYST_COMMIT=370b5944c046bab043dd8b133727b2135af7747a
WOLFSSL_REPOSITORY=https://github.com/wolfSSL/wolfssl.git
WOLFSSL_COMMIT=41b7a0209abbddc579d3d861f36c0f574ae7e907
WOLFSSH_REPOSITORY=https://github.com/wolfSSL/wolfssh.git
WOLFSSH_COMMIT=be5331aa78bb078922eef0fba947c20ea161d7da
IPERF3_UEFI_REPOSITORY=https://github.com/BigfootACA/iperf3-uefi.git
IPERF3_UEFI_COMMIT=45efb962dd390a7f32ce28bb65b43cff2e707d72
UEFI_SHELL_REPOSITORY=https://github.com/pbatard/UEFI-Shell.git
UEFI_SHELL_COMMIT=ae263171ee125bd8d0be5aff3882649cd920a7f8

AARCH64_TOOLCHAIN_URL=https://github.com/xpack-dev-tools/aarch64-none-elf-gcc-xpack/releases/download/v15.2.1-1.1/xpack-aarch64-none-elf-gcc-15.2.1-1.1-linux-x64.tar.gz
AARCH64_TOOLCHAIN_SHA256=052e1aadd7b3adde960299f50da956eb34c1503a7299b5bea3a330d9407bf250
QEMU_AARCH64_URL=https://github.com/xpack-dev-tools/qemu-arm-xpack/releases/download/v9.2.4-1/xpack-qemu-arm-9.2.4-1-linux-x64.tar.gz
QEMU_AARCH64_SHA256=203dc2c71e25fcf97b95181328e9b888cc8092ff404bffd4d267b9defabcb698
SHELLAA64_URL=https://github.com/pbatard/UEFI-Shell/releases/download/26H1/shellaa64.efi
SHELLAA64_SHA256=1569b6db4e391c3c59194aa3319a3945efb800fb25349eb9d36ff3d258517ea6
ASYNCSSH_VERSION=2.21.1
